// !$*UTF8*$!
{
	archiveVersion = 1;
	classes = {
	};
	objectVersion = 56;
	objects = {

/* Begin PBXBuildFile section */
		3ABFF79F2939223800895971 /* AppDelegate.swift in Sources */ = {isa = PBXBuildFile; fileRef = 3ABFF79E2939223800895971 /* AppDelegate.swift */; };
		3ABFF7A12939223800895971 /* SceneDelegate.swift in Sources */ = {isa = PBXBuildFile; fileRef = 3ABFF7A02939223800895971 /* SceneDelegate.swift */; };
		3ABFF7A32939223800895971 /* QuestionsViewController.swift in Sources */ = {isa = PBXBuildFile; fileRef = 3ABFF7A22939223800895971 /* QuestionsViewController.swift */; };
		3ABFF7A62939223800895971 /* Main.storyboard in Resources */ = {isa = PBXBuildFile; fileRef = 3ABFF7A42939223800895971 /* Main.storyboard */; };
		3ABFF7A82939223900895971 /* Assets.xcassets in Resources */ = {isa = PBXBuildFile; fileRef = 3ABFF7A72939223900895971 /* Assets.xcassets */; };
		3ABFF7AB2939223900895971 /* LaunchScreen.storyboard in Resources */ = {isa = PBXBuildFile; fileRef = 3ABFF7A92939223900895971 /* LaunchScreen.storyboard */; };
		44B52CEE293FC4500000233F /* ResultViewController.swift in Sources */ = {isa = PBXBuildFile; fileRef = 44B52CED293FC4500000233F /* ResultViewController.swift */; };
		44CBBDFD293B8C3900603122 /* Questions.swift in Sources */ = {isa = PBXBuildFile; fileRef = 44CBBDFC293B8C3900603122 /* Questions.swift */; };
/* End PBXBuildFile section */

/* Begin PBXFileReference section */
		3ABFF79B2939223800895971 /* YourKitchen.app */ = {isa = PBXFileReference; explicitFileType = wrapper.application; includeInIndex = 0; path = YourKitchen.app; sourceTree = BUILT_PRODUCTS_DIR; };
		3ABFF79E2939223800895971 /* AppDelegate.swift */ = {isa = PBXFileReference; lastKnownFileType = sourcecode.swift; path = AppDelegate.swift; sourceTree = "<group>"; };
		3ABFF7A02939223800895971 /* SceneDelegate.swift */ = {isa = PBXFileReference; lastKnownFileType = sourcecode.swift; path = SceneDelegate.swift; sourceTree = "<group>"; };
		3ABFF7A22939223800895971 /* QuestionsViewController.swift */ = {isa = PBXFileReference; lastKnownFileType = sourcecode.swift; path = QuestionsViewController.swift; sourceTree = "<group>"; };
		3ABFF7A52939223800895971 /* Base */ = {isa = PBXFileReference; lastKnownFileType = file.storyboard; name = Base; path = Base.lproj/Main.storyboard; sourceTree = "<group>"; };
		3ABFF7A72939223900895971 /* Assets.xcassets */ = {isa = PBXFileReference; lastKnownFileType = folder.assetcatalog; path = Assets.xcassets; sourceTree = "<group>"; };
		3ABFF7AA2939223900895971 /* Base */ = {isa = PBXFileReference; lastKnownFileType = file.storyboard; name = Base; path = Base.lproj/LaunchScreen.storyboard; sourceTree = "<group>"; };
		3ABFF7AC2939223900895971 /* Info.plist */ = {isa = PBXFileReference; lastKnownFileType = text.plist.xml; path = Info.plist; sourceTree = "<group>"; };
		44B52CED293FC4500000233F /* ResultViewController.swift */ = {isa = PBXFileReference; lastKnownFileType = sourcecode.swift; path = ResultViewController.swift; sourceTree = "<group>"; };
		44CBBDFC293B8C3900603122 /* Questions.swift */ = {isa = PBXFileReference; lastKnownFileType = sourcecode.swift; path = Questions.swift; sourceTree = "<group>"; };
/* End PBXFileReference section */

/* Begin PBXFrameworksBuildPhase section */
		3ABFF7982939223800895971 /* Frameworks */ = {
			isa = PBXFrameworksBuildPhase;
			buildActionMask = 2147483647;
			files = (
			);
			runOnlyForDeploymentPostprocessing = 0;
		};
/* End PBXFrameworksBuildPhase section */

/* Begin PBXGroup section */
		3ABFF7922939223800895971 = {
			isa = PBXGroup;
			children = (
				3ABFF79D2939223800895971 /* YourKitchen */,
				3ABFF79C2939223800895971 /* Products */,
			);
			sourceTree = "<group>";
		};
		3ABFF79C2939223800895971 /* Products */ = {
			isa = PBXGroup;
			children = (
				3ABFF79B2939223800895971 /* YourKitchen.app */,
			);
			name = Products;
			sourceTree = "<group>";
		};
		3ABFF79D2939223800895971 /* YourKitchen */ = {
			isa = PBXGroup;
			children = (
				44B52CF0293FDC5A0000233F /* App */,
				44B52CEF293FDC370000233F /* ViewControllers */,
				44B52CF1293FDCBA0000233F /* Models */,
				44B52CF2293FDCC40000233F /* Storyboards */,
				44B52CF3293FDCEA0000233F /* Resourses */,
			);
			path = YourKitchen;
			sourceTree = "<group>";
		};
		44B52CEF293FDC370000233F /* ViewControllers */ = {
			isa = PBXGroup;
			children = (
				44B52CED293FC4500000233F /* ResultViewController.swift */,
				3ABFF7A22939223800895971 /* QuestionsViewController.swift */,
			);
			path = ViewControllers;
			sourceTree = "<group>";
		};
		44B52CF0293FDC5A0000233F /* App */ = {
			isa = PBXGroup;
			children = (
				3ABFF79E2939223800895971 /* AppDelegate.swift */,
				3ABFF7A02939223800895971 /* SceneDelegate.swift */,
				3ABFF7AC2939223900895971 /* Info.plist */,
			);
			path = App;
			sourceTree = "<group>";
		};
		44B52CF1293FDCBA0000233F /* Models */ = {
			isa = PBXGroup;
			children = (
				44CBBDFC293B8C3900603122 /* Questions.swift */,
			);
			path = Models;
			sourceTree = "<group>";
		};
		44B52CF2293FDCC40000233F /* Storyboards */ = {
			isa = PBXGroup;
			children = (
				3ABFF7A42939223800895971 /* Main.storyboard */,
				3ABFF7A92939223900895971 /* LaunchScreen.storyboard */,
			);
			path = Storyboards;
			sourceTree = "<group>";
		};
		44B52CF3293FDCEA0000233F /* Resourses */ = {
			isa = PBXGroup;
			children = (
				3ABFF7A72939223900895971 /* Assets.xcassets */,
			);
			path = Resourses;
			sourceTree = "<group>";
		};
		3AC97EDB293B82EF00091034 /* Models */ = {
			isa = PBXGroup;
			children = (
				3AC97ED9293B821100091034 /* Question.swift */,
			);
			path = Models;
			sourceTree = "<group>";
		};
/* End PBXGroup section */

/* Begin PBXNativeTarget section */
		3ABFF79A2939223800895971 /* YourKitchen */ = {
			isa = PBXNativeTarget;
			buildConfigurationList = 3ABFF7AF2939223900895971 /* Build configuration list for PBXNativeTarget "YourKitchen" */;
			buildPhases = (
				3ABFF7972939223800895971 /* Sources */,
				3ABFF7982939223800895971 /* Frameworks */,
				3ABFF7992939223800895971 /* Resources */,
			);
			buildRules = (
			);
			dependencies = (
			);
			name = YourKitchen;
			productName = YourKitchen;
			productReference = 3ABFF79B2939223800895971 /* YourKitchen.app */;
			productType = "com.apple.product-type.application";
		};
/* End PBXNativeTarget section */

/* Begin PBXProject section */
		3ABFF7932939223800895971 /* Project object */ = {
			isa = PBXProject;
			attributes = {
				BuildIndependentTargetsInParallel = 1;
				LastSwiftUpdateCheck = 1410;
				LastUpgradeCheck = 1410;
				TargetAttributes = {
					3ABFF79A2939223800895971 = {
						CreatedOnToolsVersion = 14.1;
					};
				};
			};
			buildConfigurationList = 3ABFF7962939223800895971 /* Build configuration list for PBXProject "YourKitchen" */;
			compatibilityVersion = "Xcode 14.0";
			developmentRegion = en;
			hasScannedForEncodings = 0;
			knownRegions = (
				en,
				Base,
			);
			mainGroup = 3ABFF7922939223800895971;
			productRefGroup = 3ABFF79C2939223800895971 /* Products */;
			projectDirPath = "";
			projectRoot = "";
			targets = (
				3ABFF79A2939223800895971 /* YourKitchen */,
			);
		};
/* End PBXProject section */

/* Begin PBXResourcesBuildPhase section */
		3ABFF7992939223800895971 /* Resources */ = {
			isa = PBXResourcesBuildPhase;
			buildActionMask = 2147483647;
			files = (
				3ABFF7AB2939223900895971 /* LaunchScreen.storyboard in Resources */,
				3ABFF7A82939223900895971 /* Assets.xcassets in Resources */,
				3ABFF7A62939223800895971 /* Main.storyboard in Resources */,
			);
			runOnlyForDeploymentPostprocessing = 0;
		};
/* End PBXResourcesBuildPhase section */

/* Begin PBXSourcesBuildPhase section */
		3ABFF7972939223800895971 /* Sources */ = {
			isa = PBXSourcesBuildPhase;
			buildActionMask = 2147483647;
			files = (
				44B52CEE293FC4500000233F /* ResultViewController.swift in Sources */,
				3ABFF7A32939223800895971 /* QuestionsViewController.swift in Sources */,
				44CBBDFD293B8C3900603122 /* Questions.swift in Sources */,
				3ABFF79F2939223800895971 /* AppDelegate.swift in Sources */,
				3ABFF7A12939223800895971 /* SceneDelegate.swift in Sources */,
			);
			runOnlyForDeploymentPostprocessing = 0;
		};
/* End PBXSourcesBuildPhase section */

/* Begin PBXVariantGroup section */
		3ABFF7A42939223800895971 /* Main.storyboard */ = {
			isa = PBXVariantGroup;
			children = (
				3ABFF7A52939223800895971 /* Base */,
			);
			name = Main.storyboard;
			sourceTree = "<group>";
		};
		3ABFF7A92939223900895971 /* LaunchScreen.storyboard */ = {
			isa = PBXVariantGroup;
			children = (
				3ABFF7AA2939223900895971 /* Base */,
			);
			name = LaunchScreen.storyboard;
			sourceTree = "<group>";
		};
/* End PBXVariantGroup section */

/* Begin XCBuildConfiguration section */
		3ABFF7AD2939223900895971 /* Debug */ = {
			isa = XCBuildConfiguration;
			buildSettings = {
				ALWAYS_SEARCH_USER_PATHS = NO;
				CLANG_ANALYZER_NONNULL = YES;
				CLANG_ANALYZER_NUMBER_OBJECT_CONVERSION = YES_AGGRESSIVE;
				CLANG_CXX_LANGUAGE_STANDARD = "gnu++20";
				CLANG_ENABLE_MODULES = YES;
				CLANG_ENABLE_OBJC_ARC = YES;
				CLANG_ENABLE_OBJC_WEAK = YES;
				CLANG_WARN_BLOCK_CAPTURE_AUTORELEASING = YES;
				CLANG_WARN_BOOL_CONVERSION = YES;
				CLANG_WARN_COMMA = YES;
				CLANG_WARN_CONSTANT_CONVERSION = YES;
				CLANG_WARN_DEPRECATED_OBJC_IMPLEMENTATIONS = YES;
				CLANG_WARN_DIRECT_OBJC_ISA_USAGE = YES_ERROR;
				CLANG_WARN_DOCUMENTATION_COMMENTS = YES;
				CLANG_WARN_EMPTY_BODY = YES;
				CLANG_WARN_ENUM_CONVERSION = YES;
				CLANG_WARN_INFINITE_RECURSION = YES;
				CLANG_WARN_INT_CONVERSION = YES;
				CLANG_WARN_NON_LITERAL_NULL_CONVERSION = YES;
				CLANG_WARN_OBJC_IMPLICIT_RETAIN_SELF = YES;
				CLANG_WARN_OBJC_LITERAL_CONVERSION = YES;
				CLANG_WARN_OBJC_ROOT_CLASS = YES_ERROR;
				CLANG_WARN_QUOTED_INCLUDE_IN_FRAMEWORK_HEADER = YES;
				CLANG_WARN_RANGE_LOOP_ANALYSIS = YES;
				CLANG_WARN_STRICT_PROTOTYPES = YES;
				CLANG_WARN_SUSPICIOUS_MOVE = YES;
				CLANG_WARN_UNGUARDED_AVAILABILITY = YES_AGGRESSIVE;
				CLANG_WARN_UNREACHABLE_CODE = YES;
				CLANG_WARN__DUPLICATE_METHOD_MATCH = YES;
				COPY_PHASE_STRIP = NO;
				DEBUG_INFORMATION_FORMAT = dwarf;
				ENABLE_STRICT_OBJC_MSGSEND = YES;
				ENABLE_TESTABILITY = YES;
				GCC_C_LANGUAGE_STANDARD = gnu11;
				GCC_DYNAMIC_NO_PIC = NO;
				GCC_NO_COMMON_BLOCKS = YES;
				GCC_OPTIMIZATION_LEVEL = 0;
				GCC_PREPROCESSOR_DEFINITIONS = (
					"DEBUG=1",
					"$(inherited)",
				);
				GCC_WARN_64_TO_32_BIT_CONVERSION = YES;
				GCC_WARN_ABOUT_RETURN_TYPE = YES_ERROR;
				GCC_WARN_UNDECLARED_SELECTOR = YES;
				GCC_WARN_UNINITIALIZED_AUTOS = YES_AGGRESSIVE;
				GCC_WARN_UNUSED_FUNCTION = YES;
				GCC_WARN_UNUSED_VARIABLE = YES;
				IPHONEOS_DEPLOYMENT_TARGET = 16.1;
				MTL_ENABLE_DEBUG_INFO = INCLUDE_SOURCE;
				MTL_FAST_MATH = YES;
				ONLY_ACTIVE_ARCH = YES;
				SDKROOT = iphoneos;
				SWIFT_ACTIVE_COMPILATION_CONDITIONS = DEBUG;
				SWIFT_OPTIMIZATION_LEVEL = "-Onone";
			};
			name = Debug;
		};
		3ABFF7AE2939223900895971 /* Release */ = {
			isa = XCBuildConfiguration;
			buildSettings = {
				ALWAYS_SEARCH_USER_PATHS = NO;
				CLANG_ANALYZER_NONNULL = YES;
				CLANG_ANALYZER_NUMBER_OBJECT_CONVERSION = YES_AGGRESSIVE;
				CLANG_CXX_LANGUAGE_STANDARD = "gnu++20";
				CLANG_ENABLE_MODULES = YES;
				CLANG_ENABLE_OBJC_ARC = YES;
				CLANG_ENABLE_OBJC_WEAK = YES;
				CLANG_WARN_BLOCK_CAPTURE_AUTORELEASING = YES;
				CLANG_WARN_BOOL_CONVERSION = YES;
				CLANG_WARN_COMMA = YES;
				CLANG_WARN_CONSTANT_CONVERSION = YES;
				CLANG_WARN_DEPRECATED_OBJC_IMPLEMENTATIONS = YES;
				CLANG_WARN_DIRECT_OBJC_ISA_USAGE = YES_ERROR;
				CLANG_WARN_DOCUMENTATION_COMMENTS = YES;
				CLANG_WARN_EMPTY_BODY = YES;
				CLANG_WARN_ENUM_CONVERSION = YES;
				CLANG_WARN_INFINITE_RECURSION = YES;
				CLANG_WARN_INT_CONVERSION = YES;
				CLANG_WARN_NON_LITERAL_NULL_CONVERSION = YES;
				CLANG_WARN_OBJC_IMPLICIT_RETAIN_SELF = YES;
				CLANG_WARN_OBJC_LITERAL_CONVERSION = YES;
				CLANG_WARN_OBJC_ROOT_CLASS = YES_ERROR;
				CLANG_WARN_QUOTED_INCLUDE_IN_FRAMEWORK_HEADER = YES;
				CLANG_WARN_RANGE_LOOP_ANALYSIS = YES;
				CLANG_WARN_STRICT_PROTOTYPES = YES;
				CLANG_WARN_SUSPICIOUS_MOVE = YES;
				CLANG_WARN_UNGUARDED_AVAILABILITY = YES_AGGRESSIVE;
				CLANG_WARN_UNREACHABLE_CODE = YES;
				CLANG_WARN__DUPLICATE_METHOD_MATCH = YES;
				COPY_PHASE_STRIP = NO;
				DEBUG_INFORMATION_FORMAT = "dwarf-with-dsym";
				ENABLE_NS_ASSERTIONS = NO;
				ENABLE_STRICT_OBJC_MSGSEND = YES;
				GCC_C_LANGUAGE_STANDARD = gnu11;
				GCC_NO_COMMON_BLOCKS = YES;
				GCC_WARN_64_TO_32_BIT_CONVERSION = YES;
				GCC_WARN_ABOUT_RETURN_TYPE = YES_ERROR;
				GCC_WARN_UNDECLARED_SELECTOR = YES;
				GCC_WARN_UNINITIALIZED_AUTOS = YES_AGGRESSIVE;
				GCC_WARN_UNUSED_FUNCTION = YES;
				GCC_WARN_UNUSED_VARIABLE = YES;
				IPHONEOS_DEPLOYMENT_TARGET = 16.1;
				MTL_ENABLE_DEBUG_INFO = NO;
				MTL_FAST_MATH = YES;
				SDKROOT = iphoneos;
				SWIFT_COMPILATION_MODE = wholemodule;
				SWIFT_OPTIMIZATION_LEVEL = "-O";
				VALIDATE_PRODUCT = YES;
			};
			name = Release;
		};
		3ABFF7B02939223900895971 /* Debug */ = {
			isa = XCBuildConfiguration;
			buildSettings = {
				ASSETCATALOG_COMPILER_APPICON_NAME = AppIcon;
				ASSETCATALOG_COMPILER_GLOBAL_ACCENT_COLOR_NAME = AccentColor;
				CODE_SIGN_STYLE = Automatic;
				CURRENT_PROJECT_VERSION = 1;
				DEVELOPMENT_TEAM = R2K7DDWC4H;
				GENERATE_INFOPLIST_FILE = YES;
				INFOPLIST_FILE = YourKitchen/App/Info.plist;
				INFOPLIST_KEY_UIApplicationSupportsIndirectInputEvents = YES;
				INFOPLIST_KEY_UILaunchStoryboardName = LaunchScreen;
				INFOPLIST_KEY_UIMainStoryboardFile = Main;
				INFOPLIST_KEY_UISupportedInterfaceOrientations_iPad = "UIInterfaceOrientationPortrait UIInterfaceOrientationPortraitUpsideDown UIInterfaceOrientationLandscapeLeft UIInterfaceOrientationLandscapeRight";
				INFOPLIST_KEY_UISupportedInterfaceOrientations_iPhone = "UIInterfaceOrientationPortrait UIInterfaceOrientationLandscapeLeft UIInterfaceOrientationLandscapeRight";
				IPHONEOS_DEPLOYMENT_TARGET = 16.1;
				LD_RUNPATH_SEARCH_PATHS = (
					"$(inherited)",
					"@executable_path/Frameworks",
				);
				MARKETING_VERSION = 1.0;
				PRODUCT_BUNDLE_IDENTIFIER = ru.knyazzz1989.YourKitchen;
				PRODUCT_NAME = "$(TARGET_NAME)";
				SWIFT_EMIT_LOC_STRINGS = YES;
				SWIFT_VERSION = 5.0;
				TARGETED_DEVICE_FAMILY = "1,2";
			};
			name = Debug;
		};
		3ABFF7B12939223900895971 /* Release */ = {
			isa = XCBuildConfiguration;
			buildSettings = {
				ASSETCATALOG_COMPILER_APPICON_NAME = AppIcon;
				ASSETCATALOG_COMPILER_GLOBAL_ACCENT_COLOR_NAME = AccentColor;
				CODE_SIGN_STYLE = Automatic;
				CURRENT_PROJECT_VERSION = 1;
				DEVELOPMENT_TEAM = R2K7DDWC4H;
				GENERATE_INFOPLIST_FILE = YES;
				INFOPLIST_FILE = YourKitchen/App/Info.plist;
				INFOPLIST_KEY_UIApplicationSupportsIndirectInputEvents = YES;
				INFOPLIST_KEY_UILaunchStoryboardName = LaunchScreen;
				INFOPLIST_KEY_UIMainStoryboardFile = Main;
				INFOPLIST_KEY_UISupportedInterfaceOrientations_iPad = "UIInterfaceOrientationPortrait UIInterfaceOrientationPortraitUpsideDown UIInterfaceOrientationLandscapeLeft UIInterfaceOrientationLandscapeRight";
				INFOPLIST_KEY_UISupportedInterfaceOrientations_iPhone = "UIInterfaceOrientationPortrait UIInterfaceOrientationLandscapeLeft UIInterfaceOrientationLandscapeRight";
				IPHONEOS_DEPLOYMENT_TARGET = 16.1;
				LD_RUNPATH_SEARCH_PATHS = (
					"$(inherited)",
					"@executable_path/Frameworks",
				);
				MARKETING_VERSION = 1.0;
				PRODUCT_BUNDLE_IDENTIFIER = ru.knyazzz1989.YourKitchen;
				PRODUCT_NAME = "$(TARGET_NAME)";
				SWIFT_EMIT_LOC_STRINGS = YES;
				SWIFT_VERSION = 5.0;
				TARGETED_DEVICE_FAMILY = "1,2";
			};
			name = Release;
		};
/* End XCBuildConfiguration section */

/* Begin XCConfigurationList section */
		3ABFF7962939223800895971 /* Build configuration list for PBXProject "YourKitchen" */ = {
			isa = XCConfigurationList;
			buildConfigurations = (
				3ABFF7AD2939223900895971 /* Debug */,
				3ABFF7AE2939223900895971 /* Release */,
			);
			defaultConfigurationIsVisible = 0;
			defaultConfigurationName = Release;
		};
		3ABFF7AF2939223900895971 /* Build configuration list for PBXNativeTarget "YourKitchen" */ = {
			isa = XCConfigurationList;
			buildConfigurations = (
				3ABFF7B02939223900895971 /* Debug */,
				3ABFF7B12939223900895971 /* Release */,
			);
			defaultConfigurationIsVisible = 0;
			defaultConfigurationName = Release;
		};
/* End XCConfigurationList section */
	};
	rootObject = 3ABFF7932939223800895971 /* Project object */;
}
